<?xml version="1.0" encoding="utf-8"?>
<Project ToolsVersion="4.0" xmlns="http://schemas.microsoft.com/developer/msbuild/2003">
  <ItemGroup>
    <ClCompile Include="algorithm.ixx" />
    <ClCompile Include="data_structure.ixx" />
    <ClCompile Include="plastic.ixx" />
    <ClCompile Include="..\tests\test.cpp" />
  </ItemGroup>
  <ItemGroup>
    <Natvis Include="debugger\plastic.natvis" />
  </ItemGroup>
</Project>